// !$*UTF8*$!
{
	archiveVersion = 1;
	classes = {
	};
	objectVersion = 46;
	objects = {

/* Begin PBXBuildFile section */
		3A839B77F0E3C2F110959D83 /* libPods-CleverRoad.a in Frameworks */ = {isa = PBXBuildFile; fileRef = 08D0E4073CE2CC3FF2308C88 /* libPods-CleverRoad.a */; };
		844C29DC1A75998000EDD0CD /* BookmarkDetailsViewController.m in Sources */ = {isa = PBXBuildFile; fileRef = 844C29DB1A75998000EDD0CD /* BookmarkDetailsViewController.m */; };
		848512C61A75185C001A1DB3 /* main.m in Sources */ = {isa = PBXBuildFile; fileRef = 848512C51A75185C001A1DB3 /* main.m */; };
		848512C91A75185C001A1DB3 /* AppDelegate.m in Sources */ = {isa = PBXBuildFile; fileRef = 848512C81A75185C001A1DB3 /* AppDelegate.m */; };
		848512CC1A75185C001A1DB3 /* CleverRoad.xcdatamodeld in Sources */ = {isa = PBXBuildFile; fileRef = 848512CA1A75185C001A1DB3 /* CleverRoad.xcdatamodeld */; };
		848512D21A75185C001A1DB3 /* Main.storyboard in Resources */ = {isa = PBXBuildFile; fileRef = 848512D01A75185C001A1DB3 /* Main.storyboard */; };
		848512D41A75185C001A1DB3 /* Images.xcassets in Resources */ = {isa = PBXBuildFile; fileRef = 848512D31A75185C001A1DB3 /* Images.xcassets */; };
		848512D71A75185C001A1DB3 /* LaunchScreen.xib in Resources */ = {isa = PBXBuildFile; fileRef = 848512D51A75185C001A1DB3 /* LaunchScreen.xib */; };
		848512E31A75185C001A1DB3 /* CleverRoadTests.m in Sources */ = {isa = PBXBuildFile; fileRef = 848512E21A75185C001A1DB3 /* CleverRoadTests.m */; };
		848512EF1A751ED4001A1DB3 /* MapViewController.m in Sources */ = {isa = PBXBuildFile; fileRef = 848512EE1A751ED4001A1DB3 /* MapViewController.m */; };
		848512F51A7529D0001A1DB3 /* MapKit.framework in Frameworks */ = {isa = PBXBuildFile; fileRef = 848512F41A7529D0001A1DB3 /* MapKit.framework */; };
		848513301A7553B8001A1DB3 /* Bookmark.m in Sources */ = {isa = PBXBuildFile; fileRef = 8485132F1A7553B8001A1DB3 /* Bookmark.m */; };
		848513331A75738A001A1DB3 /* BookmarksTableViewController.m in Sources */ = {isa = PBXBuildFile; fileRef = 848513321A75738A001A1DB3 /* BookmarksTableViewController.m */; };
/* End PBXBuildFile section */

/* Begin PBXContainerItemProxy section */
		848512DD1A75185C001A1DB3 /* PBXContainerItemProxy */ = {
			isa = PBXContainerItemProxy;
			containerPortal = 848512B81A75185C001A1DB3 /* Project object */;
			proxyType = 1;
			remoteGlobalIDString = 848512BF1A75185C001A1DB3;
			remoteInfo = CleverRoad;
		};
/* End PBXContainerItemProxy section */

/* Begin PBXFileReference section */
		08D0E4073CE2CC3FF2308C88 /* libPods-CleverRoad.a */ = {isa = PBXFileReference; explicitFileType = archive.ar; includeInIndex = 0; path = "libPods-CleverRoad.a"; sourceTree = BUILT_PRODUCTS_DIR; };
		1EE5BEFEEB65031B9162ED24 /* Pods-CleverRoad.release.xcconfig */ = {isa = PBXFileReference; includeInIndex = 1; lastKnownFileType = text.xcconfig; name = "Pods-CleverRoad.release.xcconfig"; path = "Pods/Target Support Files/Pods-CleverRoad/Pods-CleverRoad.release.xcconfig"; sourceTree = "<group>"; };
		6E583F10D0032F15861351A1 /* Pods-CleverRoad.debug.xcconfig */ = {isa = PBXFileReference; includeInIndex = 1; lastKnownFileType = text.xcconfig; name = "Pods-CleverRoad.debug.xcconfig"; path = "Pods/Target Support Files/Pods-CleverRoad/Pods-CleverRoad.debug.xcconfig"; sourceTree = "<group>"; };
		844C29DA1A75998000EDD0CD /* BookmarkDetailsViewController.h */ = {isa = PBXFileReference; fileEncoding = 4; lastKnownFileType = sourcecode.c.h; path = BookmarkDetailsViewController.h; sourceTree = "<group>"; };
		844C29DB1A75998000EDD0CD /* BookmarkDetailsViewController.m */ = {isa = PBXFileReference; fileEncoding = 4; lastKnownFileType = sourcecode.c.objc; path = BookmarkDetailsViewController.m; sourceTree = "<group>"; };
		848512C01A75185C001A1DB3 /* CleverRoad.app */ = {isa = PBXFileReference; explicitFileType = wrapper.application; includeInIndex = 0; path = CleverRoad.app; sourceTree = BUILT_PRODUCTS_DIR; };
		848512C41A75185C001A1DB3 /* Info.plist */ = {isa = PBXFileReference; lastKnownFileType = text.plist.xml; path = Info.plist; sourceTree = "<group>"; };
		848512C51A75185C001A1DB3 /* main.m */ = {isa = PBXFileReference; lastKnownFileType = sourcecode.c.objc; path = main.m; sourceTree = "<group>"; };
		848512C71A75185C001A1DB3 /* AppDelegate.h */ = {isa = PBXFileReference; lastKnownFileType = sourcecode.c.h; path = AppDelegate.h; sourceTree = "<group>"; };
		848512C81A75185C001A1DB3 /* AppDelegate.m */ = {isa = PBXFileReference; lastKnownFileType = sourcecode.c.objc; path = AppDelegate.m; sourceTree = "<group>"; };
		848512CB1A75185C001A1DB3 /* CleverRoad.xcdatamodel */ = {isa = PBXFileReference; lastKnownFileType = wrapper.xcdatamodel; path = CleverRoad.xcdatamodel; sourceTree = "<group>"; };
		848512D11A75185C001A1DB3 /* Base */ = {isa = PBXFileReference; lastKnownFileType = file.storyboard; name = Base; path = Base.lproj/Main.storyboard; sourceTree = "<group>"; };
		848512D31A75185C001A1DB3 /* Images.xcassets */ = {isa = PBXFileReference; lastKnownFileType = folder.assetcatalog; path = Images.xcassets; sourceTree = "<group>"; };
		848512D61A75185C001A1DB3 /* Base */ = {isa = PBXFileReference; lastKnownFileType = file.xib; name = Base; path = Base.lproj/LaunchScreen.xib; sourceTree = "<group>"; };
		848512DC1A75185C001A1DB3 /* CleverRoadTests.xctest */ = {isa = PBXFileReference; explicitFileType = wrapper.cfbundle; includeInIndex = 0; path = CleverRoadTests.xctest; sourceTree = BUILT_PRODUCTS_DIR; };
		848512E11A75185C001A1DB3 /* Info.plist */ = {isa = PBXFileReference; lastKnownFileType = text.plist.xml; path = Info.plist; sourceTree = "<group>"; };
		848512E21A75185C001A1DB3 /* CleverRoadTests.m */ = {isa = PBXFileReference; lastKnownFileType = sourcecode.c.objc; path = CleverRoadTests.m; sourceTree = "<group>"; };
		848512ED1A751ED4001A1DB3 /* MapViewController.h */ = {isa = PBXFileReference; fileEncoding = 4; lastKnownFileType = sourcecode.c.h; path = MapViewController.h; sourceTree = "<group>"; };
		848512EE1A751ED4001A1DB3 /* MapViewController.m */ = {isa = PBXFileReference; fileEncoding = 4; lastKnownFileType = sourcecode.c.objc; path = MapViewController.m; sourceTree = "<group>"; };
		848512F31A752205001A1DB3 /* PrefixHeader.pch */ = {isa = PBXFileReference; fileEncoding = 4; lastKnownFileType = sourcecode.c.h; path = PrefixHeader.pch; sourceTree = "<group>"; };
		848512F41A7529D0001A1DB3 /* MapKit.framework */ = {isa = PBXFileReference; lastKnownFileType = wrapper.framework; name = MapKit.framework; path = System/Library/Frameworks/MapKit.framework; sourceTree = SDKROOT; };
		8485132E1A7553B8001A1DB3 /* Bookmark.h */ = {isa = PBXFileReference; fileEncoding = 4; lastKnownFileType = sourcecode.c.h; path = Bookmark.h; sourceTree = "<group>"; };
		8485132F1A7553B8001A1DB3 /* Bookmark.m */ = {isa = PBXFileReference; fileEncoding = 4; lastKnownFileType = sourcecode.c.objc; path = Bookmark.m; sourceTree = "<group>"; };
		848513311A75738A001A1DB3 /* BookmarksTableViewController.h */ = {isa = PBXFileReference; fileEncoding = 4; lastKnownFileType = sourcecode.c.h; path = BookmarksTableViewController.h; sourceTree = "<group>"; };
		848513321A75738A001A1DB3 /* BookmarksTableViewController.m */ = {isa = PBXFileReference; fileEncoding = 4; lastKnownFileType = sourcecode.c.objc; path = BookmarksTableViewController.m; sourceTree = "<group>"; };
/* End PBXFileReference section */

/* Begin PBXFrameworksBuildPhase section */
		848512BD1A75185C001A1DB3 /* Frameworks */ = {
			isa = PBXFrameworksBuildPhase;
			buildActionMask = 2147483647;
			files = (
				848512F51A7529D0001A1DB3 /* MapKit.framework in Frameworks */,
				3A839B77F0E3C2F110959D83 /* libPods-CleverRoad.a in Frameworks */,
			);
			runOnlyForDeploymentPostprocessing = 0;
		};
		848512D91A75185C001A1DB3 /* Frameworks */ = {
			isa = PBXFrameworksBuildPhase;
			buildActionMask = 2147483647;
			files = (
			);
			runOnlyForDeploymentPostprocessing = 0;
		};
/* End PBXFrameworksBuildPhase section */

/* Begin PBXGroup section */
		848512B71A75185C001A1DB3 = {
			isa = PBXGroup;
			children = (
				848512F41A7529D0001A1DB3 /* MapKit.framework */,
				848512C21A75185C001A1DB3 /* CleverRoad */,
				848512DF1A75185C001A1DB3 /* CleverRoadTests */,
				848512C11A75185C001A1DB3 /* Products */,
				F409D848074DEB02B448DF6F /* Pods */,
				C55075D2D5E3680D6EFAF6FB /* Frameworks */,
			);
			sourceTree = "<group>";
		};
		848512C11A75185C001A1DB3 /* Products */ = {
			isa = PBXGroup;
			children = (
				848512C01A75185C001A1DB3 /* CleverRoad.app */,
				848512DC1A75185C001A1DB3 /* CleverRoadTests.xctest */,
			);
			name = Products;
			sourceTree = "<group>";
		};
		848512C21A75185C001A1DB3 /* CleverRoad */ = {
			isa = PBXGroup;
			children = (
				848512EC1A751EA8001A1DB3 /* View Controllers */,
				848512C71A75185C001A1DB3 /* AppDelegate.h */,
				848512C81A75185C001A1DB3 /* AppDelegate.m */,
				848512D01A75185C001A1DB3 /* Main.storyboard */,
				848512D31A75185C001A1DB3 /* Images.xcassets */,
				848512D51A75185C001A1DB3 /* LaunchScreen.xib */,
				848512CA1A75185C001A1DB3 /* CleverRoad.xcdatamodeld */,
				8485132E1A7553B8001A1DB3 /* Bookmark.h */,
				8485132F1A7553B8001A1DB3 /* Bookmark.m */,
				848512C31A75185C001A1DB3 /* Supporting Files */,
			);
			path = CleverRoad;
			sourceTree = "<group>";
		};
		848512C31A75185C001A1DB3 /* Supporting Files */ = {
			isa = PBXGroup;
			children = (
				848512C41A75185C001A1DB3 /* Info.plist */,
				848512C51A75185C001A1DB3 /* main.m */,
				848512F31A752205001A1DB3 /* PrefixHeader.pch */,
			);
			name = "Supporting Files";
			sourceTree = "<group>";
		};
		848512DF1A75185C001A1DB3 /* CleverRoadTests */ = {
			isa = PBXGroup;
			children = (
				848512E21A75185C001A1DB3 /* CleverRoadTests.m */,
				848512E01A75185C001A1DB3 /* Supporting Files */,
			);
			path = CleverRoadTests;
			sourceTree = "<group>";
		};
		848512E01A75185C001A1DB3 /* Supporting Files */ = {
			isa = PBXGroup;
			children = (
				848512E11A75185C001A1DB3 /* Info.plist */,
			);
			name = "Supporting Files";
			sourceTree = "<group>";
		};
		848512EC1A751EA8001A1DB3 /* View Controllers */ = {
			isa = PBXGroup;
			children = (
				848512ED1A751ED4001A1DB3 /* MapViewController.h */,
				848512EE1A751ED4001A1DB3 /* MapViewController.m */,
				848513311A75738A001A1DB3 /* BookmarksTableViewController.h */,
				848513321A75738A001A1DB3 /* BookmarksTableViewController.m */,
				844C29DA1A75998000EDD0CD /* BookmarkDetailsViewController.h */,
				844C29DB1A75998000EDD0CD /* BookmarkDetailsViewController.m */,
			);
			name = "View Controllers";
			sourceTree = "<group>";
		};
		C55075D2D5E3680D6EFAF6FB /* Frameworks */ = {
			isa = PBXGroup;
			children = (
				08D0E4073CE2CC3FF2308C88 /* libPods-CleverRoad.a */,
			);
			name = Frameworks;
			sourceTree = "<group>";
		};
		F409D848074DEB02B448DF6F /* Pods */ = {
			isa = PBXGroup;
			children = (
				6E583F10D0032F15861351A1 /* Pods-CleverRoad.debug.xcconfig */,
				1EE5BEFEEB65031B9162ED24 /* Pods-CleverRoad.release.xcconfig */,
			);
			name = Pods;
			sourceTree = "<group>";
		};
/* End PBXGroup section */

/* Begin PBXNativeTarget section */
		848512BF1A75185C001A1DB3 /* CleverRoad */ = {
			isa = PBXNativeTarget;
			buildConfigurationList = 848512E61A75185C001A1DB3 /* Build configuration list for PBXNativeTarget "CleverRoad" */;
			buildPhases = (
				BD6E3A469D639BBED2778864 /* Check Pods Manifest.lock */,
				848512BC1A75185C001A1DB3 /* Sources */,
				848512BD1A75185C001A1DB3 /* Frameworks */,
				848512BE1A75185C001A1DB3 /* Resources */,
				4A207F5B26713EE6A8D6F7BC /* Copy Pods Resources */,
			);
			buildRules = (
			);
			dependencies = (
			);
			name = CleverRoad;
			productName = CleverRoad;
			productReference = 848512C01A75185C001A1DB3 /* CleverRoad.app */;
			productType = "com.apple.product-type.application";
		};
		848512DB1A75185C001A1DB3 /* CleverRoadTests */ = {
			isa = PBXNativeTarget;
			buildConfigurationList = 848512E91A75185C001A1DB3 /* Build configuration list for PBXNativeTarget "CleverRoadTests" */;
			buildPhases = (
				848512D81A75185C001A1DB3 /* Sources */,
				848512D91A75185C001A1DB3 /* Frameworks */,
				848512DA1A75185C001A1DB3 /* Resources */,
			);
			buildRules = (
			);
			dependencies = (
				848512DE1A75185C001A1DB3 /* PBXTargetDependency */,
			);
			name = CleverRoadTests;
			productName = CleverRoadTests;
			productReference = 848512DC1A75185C001A1DB3 /* CleverRoadTests.xctest */;
			productType = "com.apple.product-type.bundle.unit-test";
		};
/* End PBXNativeTarget section */

/* Begin PBXProject section */
		848512B81A75185C001A1DB3 /* Project object */ = {
			isa = PBXProject;
			attributes = {
				LastUpgradeCheck = 0610;
				ORGANIZATIONNAME = leonidkokhnovych;
				TargetAttributes = {
					848512BF1A75185C001A1DB3 = {
						CreatedOnToolsVersion = 6.1.1;
						DevelopmentTeam = BM22CFCM8L;
					};
					848512DB1A75185C001A1DB3 = {
						CreatedOnToolsVersion = 6.1.1;
						TestTargetID = 848512BF1A75185C001A1DB3;
					};
				};
			};
			buildConfigurationList = 848512BB1A75185C001A1DB3 /* Build configuration list for PBXProject "CleverRoad" */;
			compatibilityVersion = "Xcode 3.2";
			developmentRegion = English;
			hasScannedForEncodings = 0;
			knownRegions = (
				en,
				Base,
			);
			mainGroup = 848512B71A75185C001A1DB3;
			productRefGroup = 848512C11A75185C001A1DB3 /* Products */;
			projectDirPath = "";
			projectRoot = "";
			targets = (
				848512BF1A75185C001A1DB3 /* CleverRoad */,
				848512DB1A75185C001A1DB3 /* CleverRoadTests */,
			);
		};
/* End PBXProject section */

/* Begin PBXResourcesBuildPhase section */
		848512BE1A75185C001A1DB3 /* Resources */ = {
			isa = PBXResourcesBuildPhase;
			buildActionMask = 2147483647;
			files = (
				848512D21A75185C001A1DB3 /* Main.storyboard in Resources */,
				848512D71A75185C001A1DB3 /* LaunchScreen.xib in Resources */,
				848512D41A75185C001A1DB3 /* Images.xcassets in Resources */,
			);
			runOnlyForDeploymentPostprocessing = 0;
		};
		848512DA1A75185C001A1DB3 /* Resources */ = {
			isa = PBXResourcesBuildPhase;
			buildActionMask = 2147483647;
			files = (
			);
			runOnlyForDeploymentPostprocessing = 0;
		};
/* End PBXResourcesBuildPhase section */

/* Begin PBXShellScriptBuildPhase section */
		4A207F5B26713EE6A8D6F7BC /* Copy Pods Resources */ = {
			isa = PBXShellScriptBuildPhase;
			buildActionMask = 2147483647;
			files = (
			);
			inputPaths = (
			);
			name = "Copy Pods Resources";
			outputPaths = (
			);
			runOnlyForDeploymentPostprocessing = 0;
			shellPath = /bin/sh;
			shellScript = "\"${SRCROOT}/Pods/Target Support Files/Pods-CleverRoad/Pods-CleverRoad-resources.sh\"\n";
			showEnvVarsInLog = 0;
		};
		BD6E3A469D639BBED2778864 /* Check Pods Manifest.lock */ = {
			isa = PBXShellScriptBuildPhase;
			buildActionMask = 2147483647;
			files = (
			);
			inputPaths = (
			);
			name = "Check Pods Manifest.lock";
			outputPaths = (
			);
			runOnlyForDeploymentPostprocessing = 0;
			shellPath = /bin/sh;
			shellScript = "diff \"${PODS_ROOT}/../Podfile.lock\" \"${PODS_ROOT}/Manifest.lock\" > /dev/null\nif [[ $? != 0 ]] ; then\n    cat << EOM\nerror: The sandbox is not in sync with the Podfile.lock. Run 'pod install' or update your CocoaPods installation.\nEOM\n    exit 1\nfi\n";
			showEnvVarsInLog = 0;
		};
/* End PBXShellScriptBuildPhase section */

/* Begin PBXSourcesBuildPhase section */
		848512BC1A75185C001A1DB3 /* Sources */ = {
			isa = PBXSourcesBuildPhase;
			buildActionMask = 2147483647;
			files = (
				848512C91A75185C001A1DB3 /* AppDelegate.m in Sources */,
				848512C61A75185C001A1DB3 /* main.m in Sources */,
				848512CC1A75185C001A1DB3 /* CleverRoad.xcdatamodeld in Sources */,
				848513331A75738A001A1DB3 /* BookmarksTableViewController.m in Sources */,
				848513301A7553B8001A1DB3 /* Bookmark.m in Sources */,
				848512EF1A751ED4001A1DB3 /* MapViewController.m in Sources */,
				844C29DC1A75998000EDD0CD /* BookmarkDetailsViewController.m in Sources */,
			);
			runOnlyForDeploymentPostprocessing = 0;
		};
		848512D81A75185C001A1DB3 /* Sources */ = {
			isa = PBXSourcesBuildPhase;
			buildActionMask = 2147483647;
			files = (
				848512E31A75185C001A1DB3 /* CleverRoadTests.m in Sources */,
			);
			runOnlyForDeploymentPostprocessing = 0;
		};
/* End PBXSourcesBuildPhase section */

/* Begin PBXTargetDependency section */
		848512DE1A75185C001A1DB3 /* PBXTargetDependency */ = {
			isa = PBXTargetDependency;
			target = 848512BF1A75185C001A1DB3 /* CleverRoad */;
			targetProxy = 848512DD1A75185C001A1DB3 /* PBXContainerItemProxy */;
		};
/* End PBXTargetDependency section */

/* Begin PBXVariantGroup section */
		848512D01A75185C001A1DB3 /* Main.storyboard */ = {
			isa = PBXVariantGroup;
			children = (
				848512D11A75185C001A1DB3 /* Base */,
			);
			name = Main.storyboard;
			sourceTree = "<group>";
		};
		848512D51A75185C001A1DB3 /* LaunchScreen.xib */ = {
			isa = PBXVariantGroup;
			children = (
				848512D61A75185C001A1DB3 /* Base */,
			);
			name = LaunchScreen.xib;
			sourceTree = "<group>";
		};
/* End PBXVariantGroup section */

/* Begin XCBuildConfiguration section */
		848512E41A75185C001A1DB3 /* Debug */ = {
			isa = XCBuildConfiguration;
			buildSettings = {
				ALWAYS_SEARCH_USER_PATHS = NO;
				CLANG_CXX_LANGUAGE_STANDARD = "gnu++0x";
				CLANG_CXX_LIBRARY = "libc++";
				CLANG_ENABLE_MODULES = YES;
				CLANG_ENABLE_OBJC_ARC = YES;
				CLANG_WARN_BOOL_CONVERSION = YES;
				CLANG_WARN_CONSTANT_CONVERSION = YES;
				CLANG_WARN_DIRECT_OBJC_ISA_USAGE = YES_ERROR;
				CLANG_WARN_EMPTY_BODY = YES;
				CLANG_WARN_ENUM_CONVERSION = YES;
				CLANG_WARN_INT_CONVERSION = YES;
				CLANG_WARN_OBJC_ROOT_CLASS = YES_ERROR;
				CLANG_WARN_UNREACHABLE_CODE = YES;
				CLANG_WARN__DUPLICATE_METHOD_MATCH = YES;
				"CODE_SIGN_IDENTITY[sdk=iphoneos*]" = "iPhone Developer";
				COPY_PHASE_STRIP = NO;
				ENABLE_STRICT_OBJC_MSGSEND = YES;
				GCC_C_LANGUAGE_STANDARD = gnu99;
				GCC_DYNAMIC_NO_PIC = NO;
				GCC_OPTIMIZATION_LEVEL = 0;
				GCC_PREPROCESSOR_DEFINITIONS = (
					"DEBUG=1",
					"$(inherited)",
				);
				GCC_SYMBOLS_PRIVATE_EXTERN = NO;
				GCC_WARN_64_TO_32_BIT_CONVERSION = YES;
				GCC_WARN_ABOUT_RETURN_TYPE = YES_ERROR;
				GCC_WARN_UNDECLARED_SELECTOR = YES;
				GCC_WARN_UNINITIALIZED_AUTOS = YES_AGGRESSIVE;
				GCC_WARN_UNUSED_FUNCTION = YES;
				GCC_WARN_UNUSED_VARIABLE = YES;
				IPHONEOS_DEPLOYMENT_TARGET = 8.1;
				MTL_ENABLE_DEBUG_INFO = YES;
				ONLY_ACTIVE_ARCH = YES;
				SDKROOT = iphoneos;
				TARGETED_DEVICE_FAMILY = "1,2";
			};
			name = Debug;
		};
		848512E51A75185C001A1DB3 /* Release */ = {
			isa = XCBuildConfiguration;
			buildSettings = {
				ALWAYS_SEARCH_USER_PATHS = NO;
				CLANG_CXX_LANGUAGE_STANDARD = "gnu++0x";
				CLANG_CXX_LIBRARY = "libc++";
				CLANG_ENABLE_MODULES = YES;
				CLANG_ENABLE_OBJC_ARC = YES;
				CLANG_WARN_BOOL_CONVERSION = YES;
				CLANG_WARN_CONSTANT_CONVERSION = YES;
				CLANG_WARN_DIRECT_OBJC_ISA_USAGE = YES_ERROR;
				CLANG_WARN_EMPTY_BODY = YES;
				CLANG_WARN_ENUM_CONVERSION = YES;
				CLANG_WARN_INT_CONVERSION = YES;
				CLANG_WARN_OBJC_ROOT_CLASS = YES_ERROR;
				CLANG_WARN_UNREACHABLE_CODE = YES;
				CLANG_WARN__DUPLICATE_METHOD_MATCH = YES;
				"CODE_SIGN_IDENTITY[sdk=iphoneos*]" = "iPhone Developer";
				COPY_PHASE_STRIP = YES;
				ENABLE_NS_ASSERTIONS = NO;
				ENABLE_STRICT_OBJC_MSGSEND = YES;
				GCC_C_LANGUAGE_STANDARD = gnu99;
				GCC_WARN_64_TO_32_BIT_CONVERSION = YES;
				GCC_WARN_ABOUT_RETURN_TYPE = YES_ERROR;
				GCC_WARN_UNDECLARED_SELECTOR = YES;
				GCC_WARN_UNINITIALIZED_AUTOS = YES_AGGRESSIVE;
				GCC_WARN_UNUSED_FUNCTION = YES;
				GCC_WARN_UNUSED_VARIABLE = YES;
				IPHONEOS_DEPLOYMENT_TARGET = 8.1;
				MTL_ENABLE_DEBUG_INFO = NO;
				SDKROOT = iphoneos;
				TARGETED_DEVICE_FAMILY = "1,2";
				VALIDATE_PRODUCT = YES;
			};
			name = Release;
		};
		848512E71A75185C001A1DB3 /* Debug */ = {
			isa = XCBuildConfiguration;
			baseConfigurationReference = 6E583F10D0032F15861351A1 /* Pods-CleverRoad.debug.xcconfig */;
			buildSettings = {
				ASSETCATALOG_COMPILER_APPICON_NAME = AppIcon;
				CODE_SIGN_IDENTITY = "iPhone Developer";
				GCC_PREFIX_HEADER = CleverRoad/PrefixHeader.pch;
				INFOPLIST_FILE = CleverRoad/Info.plist;
				IPHONEOS_DEPLOYMENT_TARGET = 8.0;
				LD_RUNPATH_SEARCH_PATHS = "$(inherited) @executable_path/Frameworks";
				PRODUCT_NAME = "$(TARGET_NAME)";
			};
			name = Debug;
		};
		848512E81A75185C001A1DB3 /* Release */ = {
			isa = XCBuildConfiguration;
			baseConfigurationReference = 1EE5BEFEEB65031B9162ED24 /* Pods-CleverRoad.release.xcconfig */;
			buildSettings = {
				ASSETCATALOG_COMPILER_APPICON_NAME = AppIcon;
				CODE_SIGN_IDENTITY = "iPhone Developer";
				GCC_PREFIX_HEADER = CleverRoad/PrefixHeader.pch;
				INFOPLIST_FILE = CleverRoad/Info.plist;
				IPHONEOS_DEPLOYMENT_TARGET = 8.0;
				LD_RUNPATH_SEARCH_PATHS = "$(inherited) @executable_path/Frameworks";
				PRODUCT_NAME = "$(TARGET_NAME)";
			};
			name = Release;
		};
		848512EA1A75185C001A1DB3 /* Debug */ = {
			isa = XCBuildConfiguration;
			buildSettings = {
				BUNDLE_LOADER = "$(TEST_HOST)";
				FRAMEWORK_SEARCH_PATHS = (
					"$(SDKROOT)/Developer/Library/Frameworks",
					"$(inherited)",
				);
				GCC_PREPROCESSOR_DEFINITIONS = (
					"DEBUG=1",
					"$(inherited)",
				);
				INFOPLIST_FILE = CleverRoadTests/Info.plist;
				LD_RUNPATH_SEARCH_PATHS = "$(inherited) @executable_path/Frameworks @loader_path/Frameworks";
				PRODUCT_NAME = "$(TARGET_NAME)";
				TEST_HOST = "$(BUILT_PRODUCTS_DIR)/CleverRoad.app/CleverRoad";
			};
			name = Debug;
		};
		848512EB1A75185C001A1DB3 /* Release */ = {
			isa = XCBuildConfiguration;
			buildSettings = {
				BUNDLE_LOADER = "$(TEST_HOST)";
				FRAMEWORK_SEARCH_PATHS = (
					"$(SDKROOT)/Developer/Library/Frameworks",
					"$(inherited)",
				);
				INFOPLIST_FILE = CleverRoadTests/Info.plist;
				LD_RUNPATH_SEARCH_PATHS = "$(inherited) @executable_path/Frameworks @loader_path/Frameworks";
				PRODUCT_NAME = "$(TARGET_NAME)";
				TEST_HOST = "$(BUILT_PRODUCTS_DIR)/CleverRoad.app/CleverRoad";
			};
			name = Release;
		};
/* End XCBuildConfiguration section */

/* Begin XCConfigurationList section */
		848512BB1A75185C001A1DB3 /* Build configuration list for PBXProject "CleverRoad" */ = {
			isa = XCConfigurationList;
			buildConfigurations = (
				848512E41A75185C001A1DB3 /* Debug */,
				848512E51A75185C001A1DB3 /* Release */,
			);
			defaultConfigurationIsVisible = 0;
			defaultConfigurationName = Release;
		};
		848512E61A75185C001A1DB3 /* Build configuration list for PBXNativeTarget "CleverRoad" */ = {
			isa = XCConfigurationList;
			buildConfigurations = (
				848512E71A75185C001A1DB3 /* Debug */,
				848512E81A75185C001A1DB3 /* Release */,
			);
			defaultConfigurationIsVisible = 0;
			defaultConfigurationName = Release;
		};
		848512E91A75185C001A1DB3 /* Build configuration list for PBXNativeTarget "CleverRoadTests" */ = {
			isa = XCConfigurationList;
			buildConfigurations = (
				848512EA1A75185C001A1DB3 /* Debug */,
				848512EB1A75185C001A1DB3 /* Release */,
			);
			defaultConfigurationIsVisible = 0;
			defaultConfigurationName = Release;
		};
/* End XCConfigurationList section */

/* Begin XCVersionGroup section */
		848512CA1A75185C001A1DB3 /* CleverRoad.xcdatamodeld */ = {
			isa = XCVersionGroup;
			children = (
				848512CB1A75185C001A1DB3 /* CleverRoad.xcdatamodel */,
			);
			currentVersion = 848512CB1A75185C001A1DB3 /* CleverRoad.xcdatamodel */;
			path = CleverRoad.xcdatamodeld;
			sourceTree = "<group>";
			versionGroupType = wrapper.xcdatamodel;
		};
/* End XCVersionGroup section */
	};
	rootObject = 848512B81A75185C001A1DB3 /* Project object */;
}
